// !$*UTF8*$!
{
	archiveVersion = 1;
	classes = {
	};
	objectVersion = 46;
	objects = {

/* Begin PBXBuildFile section */
		32E932F41CFCC8470096B1A2 /* AppDelegate.swift in Sources */ = {isa = PBXBuildFile; fileRef = 32E932F31CFCC8470096B1A2 /* AppDelegate.swift */; };
		32E932F61CFCC8470096B1A2 /* ViewController.swift in Sources */ = {isa = PBXBuildFile; fileRef = 32E932F51CFCC8470096B1A2 /* ViewController.swift */; };
		32E932F91CFCC8470096B1A2 /* Main.storyboard in Resources */ = {isa = PBXBuildFile; fileRef = 32E932F71CFCC8470096B1A2 /* Main.storyboard */; };
		32E932FB1CFCC8470096B1A2 /* Assets.xcassets in Resources */ = {isa = PBXBuildFile; fileRef = 32E932FA1CFCC8470096B1A2 /* Assets.xcassets */; };
		32E932FE1CFCC8470096B1A2 /* LaunchScreen.storyboard in Resources */ = {isa = PBXBuildFile; fileRef = 32E932FC1CFCC8470096B1A2 /* LaunchScreen.storyboard */; };
		32E9330B1CFCC89C0096B1A2 /* UIResponder+Inspectable.swift in Sources */ = {isa = PBXBuildFile; fileRef = 32E933071CFCC89C0096B1A2 /* UIResponder+Inspectable.swift */; };
		32E9330C1CFCC89C0096B1A2 /* Styles.swift in Sources */ = {isa = PBXBuildFile; fileRef = 32E933091CFCC89C0096B1A2 /* Styles.swift */; };
		32E9330D1CFCC89C0096B1A2 /* UIResponder+Styles.swift in Sources */ = {isa = PBXBuildFile; fileRef = 32E9330A1CFCC89C0096B1A2 /* UIResponder+Styles.swift */; };
/* End PBXBuildFile section */

/* Begin PBXFileReference section */
		32E932F01CFCC8470096B1A2 /* goya.app */ = {isa = PBXFileReference; explicitFileType = wrapper.application; includeInIndex = 0; path = goya.app; sourceTree = BUILT_PRODUCTS_DIR; };
		32E932F31CFCC8470096B1A2 /* AppDelegate.swift */ = {isa = PBXFileReference; lastKnownFileType = sourcecode.swift; path = AppDelegate.swift; sourceTree = "<group>"; };
		32E932F51CFCC8470096B1A2 /* ViewController.swift */ = {isa = PBXFileReference; lastKnownFileType = sourcecode.swift; path = ViewController.swift; sourceTree = "<group>"; };
		32E932F81CFCC8470096B1A2 /* Base */ = {isa = PBXFileReference; lastKnownFileType = file.storyboard; name = Base; path = Base.lproj/Main.storyboard; sourceTree = "<group>"; };
		32E932FA1CFCC8470096B1A2 /* Assets.xcassets */ = {isa = PBXFileReference; lastKnownFileType = folder.assetcatalog; path = Assets.xcassets; sourceTree = "<group>"; };
		32E932FD1CFCC8470096B1A2 /* Base */ = {isa = PBXFileReference; lastKnownFileType = file.storyboard; name = Base; path = Base.lproj/LaunchScreen.storyboard; sourceTree = "<group>"; };
		32E932FF1CFCC8470096B1A2 /* Info.plist */ = {isa = PBXFileReference; lastKnownFileType = text.plist.xml; path = Info.plist; sourceTree = "<group>"; };
		32E933071CFCC89C0096B1A2 /* UIResponder+Inspectable.swift */ = {isa = PBXFileReference; fileEncoding = 4; lastKnownFileType = sourcecode.swift; path = "UIResponder+Inspectable.swift"; sourceTree = "<group>"; };
		32E933091CFCC89C0096B1A2 /* Styles.swift */ = {isa = PBXFileReference; fileEncoding = 4; lastKnownFileType = sourcecode.swift; path = Styles.swift; sourceTree = "<group>"; };
		32E9330A1CFCC89C0096B1A2 /* UIResponder+Styles.swift */ = {isa = PBXFileReference; fileEncoding = 4; lastKnownFileType = sourcecode.swift; path = "UIResponder+Styles.swift"; sourceTree = "<group>"; };
/* End PBXFileReference section */

/* Begin PBXFrameworksBuildPhase section */
		32E932ED1CFCC8470096B1A2 /* Frameworks */ = {
			isa = PBXFrameworksBuildPhase;
			buildActionMask = 2147483647;
			files = (
			);
			runOnlyForDeploymentPostprocessing = 0;
		};
/* End PBXFrameworksBuildPhase section */

/* Begin PBXGroup section */
		32E932E71CFCC8470096B1A2 = {
			isa = PBXGroup;
			children = (
				32E932F21CFCC8470096B1A2 /* goya */,
				32E932F11CFCC8470096B1A2 /* Products */,
			);
			sourceTree = "<group>";
		};
		32E932F11CFCC8470096B1A2 /* Products */ = {
			isa = PBXGroup;
			children = (
				32E932F01CFCC8470096B1A2 /* goya.app */,
			);
			name = Products;
			sourceTree = "<group>";
		};
		32E932F21CFCC8470096B1A2 /* goya */ = {
			isa = PBXGroup;
			children = (
				32E932F31CFCC8470096B1A2 /* AppDelegate.swift */,
				32E932F51CFCC8470096B1A2 /* ViewController.swift */,
				32E933051CFCC8620096B1A2 /* goya */,
				32E932F71CFCC8470096B1A2 /* Main.storyboard */,
				32E932FA1CFCC8470096B1A2 /* Assets.xcassets */,
				32E932FC1CFCC8470096B1A2 /* LaunchScreen.storyboard */,
				32E932FF1CFCC8470096B1A2 /* Info.plist */,
			);
			path = goya;
			sourceTree = "<group>";
		};
		32E933051CFCC8620096B1A2 /* goya */ = {
			isa = PBXGroup;
			children = (
				32E933061CFCC89C0096B1A2 /* inspectable */,
				32E933081CFCC89C0096B1A2 /* lite */,
			);
			path = goya;
			sourceTree = "<group>";
		};
		32E933061CFCC89C0096B1A2 /* inspectable */ = {
			isa = PBXGroup;
			children = (
				32E933071CFCC89C0096B1A2 /* UIResponder+Inspectable.swift */,
			);
			path = inspectable;
			sourceTree = "<group>";
		};
		32E933081CFCC89C0096B1A2 /* lite */ = {
			isa = PBXGroup;
			children = (
				32E933091CFCC89C0096B1A2 /* Styles.swift */,
				32E9330A1CFCC89C0096B1A2 /* UIResponder+Styles.swift */,
			);
			path = lite;
			sourceTree = "<group>";
		};
/* End PBXGroup section */

/* Begin PBXNativeTarget section */
		32E932EF1CFCC8470096B1A2 /* goya */ = {
			isa = PBXNativeTarget;
			buildConfigurationList = 32E933021CFCC8470096B1A2 /* Build configuration list for PBXNativeTarget "goya" */;
			buildPhases = (
				32E932EC1CFCC8470096B1A2 /* Sources */,
				32E932ED1CFCC8470096B1A2 /* Frameworks */,
				32E932EE1CFCC8470096B1A2 /* Resources */,
			);
			buildRules = (
			);
			dependencies = (
			);
			name = goya;
			productName = goya;
			productReference = 32E932F01CFCC8470096B1A2 /* goya.app */;
			productType = "com.apple.product-type.application";
		};
/* End PBXNativeTarget section */

/* Begin PBXProject section */
		32E932E81CFCC8470096B1A2 /* Project object */ = {
			isa = PBXProject;
			attributes = {
				LastSwiftUpdateCheck = 0730;
				LastUpgradeCheck = 0800;
				ORGANIZATIONNAME = manuege;
				TargetAttributes = {
					32E932EF1CFCC8470096B1A2 = {
						CreatedOnToolsVersion = 7.3.1;
					};
				};
			};
			buildConfigurationList = 32E932EB1CFCC8470096B1A2 /* Build configuration list for PBXProject "goya" */;
			compatibilityVersion = "Xcode 3.2";
			developmentRegion = English;
			hasScannedForEncodings = 0;
			knownRegions = (
				en,
				Base,
			);
			mainGroup = 32E932E71CFCC8470096B1A2;
			productRefGroup = 32E932F11CFCC8470096B1A2 /* Products */;
			projectDirPath = "";
			projectRoot = "";
			targets = (
				32E932EF1CFCC8470096B1A2 /* goya */,
			);
		};
/* End PBXProject section */

/* Begin PBXResourcesBuildPhase section */
		32E932EE1CFCC8470096B1A2 /* Resources */ = {
			isa = PBXResourcesBuildPhase;
			buildActionMask = 2147483647;
			files = (
				32E932FE1CFCC8470096B1A2 /* LaunchScreen.storyboard in Resources */,
				32E932FB1CFCC8470096B1A2 /* Assets.xcassets in Resources */,
				32E932F91CFCC8470096B1A2 /* Main.storyboard in Resources */,
			);
			runOnlyForDeploymentPostprocessing = 0;
		};
/* End PBXResourcesBuildPhase section */

/* Begin PBXSourcesBuildPhase section */
		32E932EC1CFCC8470096B1A2 /* Sources */ = {
			isa = PBXSourcesBuildPhase;
			buildActionMask = 2147483647;
			files = (
				32E932F61CFCC8470096B1A2 /* ViewController.swift in Sources */,
				32E9330D1CFCC89C0096B1A2 /* UIResponder+Styles.swift in Sources */,
				32E932F41CFCC8470096B1A2 /* AppDelegate.swift in Sources */,
				32E9330B1CFCC89C0096B1A2 /* UIResponder+Inspectable.swift in Sources */,
				32E9330C1CFCC89C0096B1A2 /* Styles.swift in Sources */,
			);
			runOnlyForDeploymentPostprocessing = 0;
		};
/* End PBXSourcesBuildPhase section */

/* Begin PBXVariantGroup section */
		32E932F71CFCC8470096B1A2 /* Main.storyboard */ = {
			isa = PBXVariantGroup;
			children = (
				32E932F81CFCC8470096B1A2 /* Base */,
			);
			name = Main.storyboard;
			sourceTree = "<group>";
		};
		32E932FC1CFCC8470096B1A2 /* LaunchScreen.storyboard */ = {
			isa = PBXVariantGroup;
			children = (
				32E932FD1CFCC8470096B1A2 /* Base */,
			);
			name = LaunchScreen.storyboard;
			sourceTree = "<group>";
		};
/* End PBXVariantGroup section */

/* Begin XCBuildConfiguration section */
		32E933001CFCC8470096B1A2 /* Debug */ = {
			isa = XCBuildConfiguration;
			buildSettings = {
				ALWAYS_SEARCH_USER_PATHS = NO;
				CLANG_ANALYZER_NONNULL = YES;
				CLANG_CXX_LANGUAGE_STANDARD = "gnu++0x";
				CLANG_CXX_LIBRARY = "libc++";
				CLANG_ENABLE_MODULES = YES;
				CLANG_ENABLE_OBJC_ARC = YES;
				CLANG_WARN_BOOL_CONVERSION = YES;
				CLANG_WARN_CONSTANT_CONVERSION = YES;
				CLANG_WARN_DIRECT_OBJC_ISA_USAGE = YES_ERROR;
				CLANG_WARN_EMPTY_BODY = YES;
				CLANG_WARN_ENUM_CONVERSION = YES;
				CLANG_WARN_INT_CONVERSION = YES;
				CLANG_WARN_OBJC_ROOT_CLASS = YES_ERROR;
				CLANG_WARN_UNREACHABLE_CODE = YES;
				CLANG_WARN__DUPLICATE_METHOD_MATCH = YES;
				"CODE_SIGN_IDENTITY[sdk=iphoneos*]" = "iPhone Developer";
				COPY_PHASE_STRIP = NO;
				DEBUG_INFORMATION_FORMAT = dwarf;
				ENABLE_STRICT_OBJC_MSGSEND = YES;
				ENABLE_TESTABILITY = YES;
				GCC_C_LANGUAGE_STANDARD = gnu99;
				GCC_DYNAMIC_NO_PIC = NO;
				GCC_NO_COMMON_BLOCKS = YES;
				GCC_OPTIMIZATION_LEVEL = 0;
				GCC_PREPROCESSOR_DEFINITIONS = (
					"DEBUG=1",
					"$(inherited)",
				);
				GCC_WARN_64_TO_32_BIT_CONVERSION = YES;
				GCC_WARN_ABOUT_RETURN_TYPE = YES_ERROR;
				GCC_WARN_UNDECLARED_SELECTOR = YES;
				GCC_WARN_UNINITIALIZED_AUTOS = YES_AGGRESSIVE;
				GCC_WARN_UNUSED_FUNCTION = YES;
				GCC_WARN_UNUSED_VARIABLE = YES;
				IPHONEOS_DEPLOYMENT_TARGET = 9.3;
				MTL_ENABLE_DEBUG_INFO = YES;
				ONLY_ACTIVE_ARCH = YES;
				SDKROOT = iphoneos;
				SWIFT_OPTIMIZATION_LEVEL = "-Onone";
			};
			name = Debug;
		};
		32E933011CFCC8470096B1A2 /* Release */ = {
			isa = XCBuildConfiguration;
			buildSettings = {
				ALWAYS_SEARCH_USER_PATHS = NO;
				CLANG_ANALYZER_NONNULL = YES;
				CLANG_CXX_LANGUAGE_STANDARD = "gnu++0x";
				CLANG_CXX_LIBRARY = "libc++";
				CLANG_ENABLE_MODULES = YES;
				CLANG_ENABLE_OBJC_ARC = YES;
				CLANG_WARN_BOOL_CONVERSION = YES;
				CLANG_WARN_CONSTANT_CONVERSION = YES;
				CLANG_WARN_DIRECT_OBJC_ISA_USAGE = YES_ERROR;
				CLANG_WARN_EMPTY_BODY = YES;
				CLANG_WARN_ENUM_CONVERSION = YES;
				CLANG_WARN_INT_CONVERSION = YES;
				CLANG_WARN_OBJC_ROOT_CLASS = YES_ERROR;
				CLANG_WARN_UNREACHABLE_CODE = YES;
				CLANG_WARN__DUPLICATE_METHOD_MATCH = YES;
				"CODE_SIGN_IDENTITY[sdk=iphoneos*]" = "iPhone Developer";
				COPY_PHASE_STRIP = NO;
				DEBUG_INFORMATION_FORMAT = "dwarf-with-dsym";
				ENABLE_NS_ASSERTIONS = NO;
				ENABLE_STRICT_OBJC_MSGSEND = YES;
				GCC_C_LANGUAGE_STANDARD = gnu99;
				GCC_NO_COMMON_BLOCKS = YES;
				GCC_WARN_64_TO_32_BIT_CONVERSION = YES;
				GCC_WARN_ABOUT_RETURN_TYPE = YES_ERROR;
				GCC_WARN_UNDECLARED_SELECTOR = YES;
				GCC_WARN_UNINITIALIZED_AUTOS = YES_AGGRESSIVE;
				GCC_WARN_UNUSED_FUNCTION = YES;
				GCC_WARN_UNUSED_VARIABLE = YES;
				IPHONEOS_DEPLOYMENT_TARGET = 9.3;
				MTL_ENABLE_DEBUG_INFO = NO;
				SDKROOT = iphoneos;
				VALIDATE_PRODUCT = YES;
			};
			name = Release;
		};
		32E933031CFCC8470096B1A2 /* Debug */ = {
			isa = XCBuildConfiguration;
			buildSettings = {
				ASSETCATALOG_COMPILER_APPICON_NAME = AppIcon;
				INFOPLIST_FILE = goya/Info.plist;
				LD_RUNPATH_SEARCH_PATHS = "$(inherited) @executable_path/Frameworks";
				PRODUCT_BUNDLE_IDENTIFIER = com.manuege.goya;
				PRODUCT_NAME = "$(TARGET_NAME)";
			};
			name = Debug;
		};
		32E933041CFCC8470096B1A2 /* Release */ = {
			isa = XCBuildConfiguration;
			buildSettings = {
				ASSETCATALOG_COMPILER_APPICON_NAME = AppIcon;
				INFOPLIST_FILE = goya/Info.plist;
				LD_RUNPATH_SEARCH_PATHS = "$(inherited) @executable_path/Frameworks";
				PRODUCT_BUNDLE_IDENTIFIER = com.manuege.goya;
				PRODUCT_NAME = "$(TARGET_NAME)";
				SWIFT_OPTIMIZATION_LEVEL = "-Owholemodule";
			};
			name = Release;
		};
/* End XCBuildConfiguration section */

/* Begin XCConfigurationList section */
		32E932EB1CFCC8470096B1A2 /* Build configuration list for PBXProject "goya" */ = {
			isa = XCConfigurationList;
			buildConfigurations = (
				32E933001CFCC8470096B1A2 /* Debug */,
				32E933011CFCC8470096B1A2 /* Release */,
			);
			defaultConfigurationIsVisible = 0;
			defaultConfigurationName = Release;
		};
		32E933021CFCC8470096B1A2 /* Build configuration list for PBXNativeTarget "goya" */ = {
			isa = XCConfigurationList;
			buildConfigurations = (
				32E933031CFCC8470096B1A2 /* Debug */,
				32E933041CFCC8470096B1A2 /* Release */,
			);
			defaultConfigurationIsVisible = 0;
			defaultConfigurationName = Release;
		};
/* End XCConfigurationList section */
	};
	rootObject = 32E932E81CFCC8470096B1A2 /* Project object */;
}
